
Microsoft Visual Studio Solution File, Format Version 12.00
# Visual Studio Version 16
VisualStudioVersion = 16.0.29926.136
MinimumVisualStudioVersion = 10.0.40219.1
Project("{9A19103F-16F7-4668-BE54-9A1E7A4F7556}") = "BloodDonation", "BloodDonation\BloodDonation.csproj", "{D8E98B46-572D-45C5-AB33-6CB5AF7AB737}"
EndProject
Project("{9A19103F-16F7-4668-BE54-9A1E7A4F7556}") = "CommonModels", "CommonModels\CommonModels.csproj", "{8293225C-0DAC-4DF2-99C4-A3360A7E5937}"
EndProject
Project("{9A19103F-16F7-4668-BE54-9A1E7A4F7556}") = "DataAccessLayer", "DataAccessLayer\DataAccessLayer.csproj", "{914D5E8B-E5D0-4BFB-82C4-9073B65C3FB1}"
EndProject
Project("{9A19103F-16F7-4668-BE54-9A1E7A4F7556}") = "ClassLibrary", "ClassLibrary\ClassLibrary.csproj", "{4EC9B2D3-15D0-4825-B465-C92F88718052}"
EndProject
Project("{FAE04EC0-301F-11D3-BF4B-00C04F79EFBC}") = "MyUnitTest", "MyUnitTest\MyUnitTest.csproj", "{02389DDA-3F9A-447B-89B6-A6E5C25026F0}"
EndProject
Global
	GlobalSection(SolutionConfigurationPlatforms) = preSolution
		Debug|Any CPU = Debug|Any CPU
		Release|Any CPU = Release|Any CPU
	EndGlobalSection
	GlobalSection(ProjectConfigurationPlatforms) = postSolution
		{D8E98B46-572D-45C5-AB33-6CB5AF7AB737}.Debug|Any CPU.ActiveCfg = Debug|Any CPU
		{D8E98B46-572D-45C5-AB33-6CB5AF7AB737}.Debug|Any CPU.Build.0 = Debug|Any CPU
		{D8E98B46-572D-45C5-AB33-6CB5AF7AB737}.Release|Any CPU.ActiveCfg = Release|Any CPU
		{D8E98B46-572D-45C5-AB33-6CB5AF7AB737}.Release|Any CPU.Build.0 = Release|Any CPU
		{8293225C-0DAC-4DF2-99C4-A3360A7E5937}.Debug|Any CPU.ActiveCfg = Debug|Any CPU
		{8293225C-0DAC-4DF2-99C4-A3360A7E5937}.Debug|Any CPU.Build.0 = Debug|Any CPU
		{8293225C-0DAC-4DF2-99C4-A3360A7E5937}.Release|Any CPU.ActiveCfg = Release|Any CPU
		{8293225C-0DAC-4DF2-99C4-A3360A7E5937}.Release|Any CPU.Build.0 = Release|Any CPU
		{914D5E8B-E5D0-4BFB-82C4-9073B65C3FB1}.Debug|Any CPU.ActiveCfg = Debug|Any CPU
		{914D5E8B-E5D0-4BFB-82C4-9073B65C3FB1}.Debug|Any CPU.Build.0 = Debug|Any CPU
		{914D5E8B-E5D0-4BFB-82C4-9073B65C3FB1}.Release|Any CPU.ActiveCfg = Release|Any CPU
		{914D5E8B-E5D0-4BFB-82C4-9073B65C3FB1}.Release|Any CPU.Build.0 = Release|Any CPU
		{4EC9B2D3-15D0-4825-B465-C92F88718052}.Debug|Any CPU.ActiveCfg = Debug|Any CPU
		{4EC9B2D3-15D0-4825-B465-C92F88718052}.Debug|Any CPU.Build.0 = Debug|Any CPU
		{4EC9B2D3-15D0-4825-B465-C92F88718052}.Release|Any CPU.ActiveCfg = Release|Any CPU
		{4EC9B2D3-15D0-4825-B465-C92F88718052}.Release|Any CPU.Build.0 = Release|Any CPU
		{02389DDA-3F9A-447B-89B6-A6E5C25026F0}.Debug|Any CPU.ActiveCfg = Debug|Any CPU
		{02389DDA-3F9A-447B-89B6-A6E5C25026F0}.Debug|Any CPU.Build.0 = Debug|Any CPU
		{02389DDA-3F9A-447B-89B6-A6E5C25026F0}.Release|Any CPU.ActiveCfg = Release|Any CPU
		{02389DDA-3F9A-447B-89B6-A6E5C25026F0}.Release|Any CPU.Build.0 = Release|Any CPU
	EndGlobalSection
	GlobalSection(SolutionProperties) = preSolution
		HideSolutionNode = FALSE
	EndGlobalSection
	GlobalSection(ExtensibilityGlobals) = postSolution
		SolutionGuid = {95379D28-0A48-4722-BF32-2734EB66C803}
	EndGlobalSection
EndGlobal
